
Microsoft Visual Studio Solution File, Format Version 12.00
# Visual Studio Version 16
VisualStudioVersion = 16.0.30907.101
MinimumVisualStudioVersion = 10.0.40219.1
Project("{FAE04EC0-301F-11D3-BF4B-00C04F79EFBC}") = "Auf_Bruch", "Auf_Bruch.csproj", "{905837C2-D0E0-4593-962D-D4E299A9ADEE}"
EndProject
Global
	GlobalSection(SolutionConfigurationPlatforms) = preSolution
		Debug|Any CPU = Debug|Any CPU
		Release|Any CPU = Release|Any CPU
	EndGlobalSection
	GlobalSection(ProjectConfigurationPlatforms) = postSolution
		{905837C2-D0E0-4593-962D-D4E299A9ADEE}.Debug|Any CPU.ActiveCfg = Debug|Any CPU
		{905837C2-D0E0-4593-962D-D4E299A9ADEE}.Debug|Any CPU.Build.0 = Debug|Any CPU
		{905837C2-D0E0-4593-962D-D4E299A9ADEE}.Release|Any CPU.ActiveCfg = Release|Any CPU
		{905837C2-D0E0-4593-962D-D4E299A9ADEE}.Release|Any CPU.Build.0 = Release|Any CPU
	EndGlobalSection
	GlobalSection(SolutionProperties) = preSolution
		HideSolutionNode = FALSE
	EndGlobalSection
	GlobalSection(ExtensibilityGlobals) = postSolution
		SolutionGuid = {4F369C91-9E74-44AA-9AE7-B5C0FD8BA7ED}
	EndGlobalSection
EndGlobal
